
Microsoft Visual Studio Solution File, Format Version 12.00
# Visual Studio Version 17
VisualStudioVersion = 17.10.35013.160
MinimumVisualStudioVersion = 10.0.40219.1
Project("{FAE04EC0-301F-11D3-BF4B-00C04F79EFBC}") = "Exercicio1", "Exercicio1\Exercicio1.csproj", "{3A466F76-D27F-4EBB-93CE-E662856C7366}"
EndProject
Global
	GlobalSection(SolutionConfigurationPlatforms) = preSolution
		Debug|Any CPU = Debug|Any CPU
		Release|Any CPU = Release|Any CPU
	EndGlobalSection
	GlobalSection(ProjectConfigurationPlatforms) = postSolution
		{3A466F76-D27F-4EBB-93CE-E662856C7366}.Debug|Any CPU.ActiveCfg = Debug|Any CPU
		{3A466F76-D27F-4EBB-93CE-E662856C7366}.Debug|Any CPU.Build.0 = Debug|Any CPU
		{3A466F76-D27F-4EBB-93CE-E662856C7366}.Release|Any CPU.ActiveCfg = Release|Any CPU
		{3A466F76-D27F-4EBB-93CE-E662856C7366}.Release|Any CPU.Build.0 = Release|Any CPU
	EndGlobalSection
	GlobalSection(SolutionProperties) = preSolution
		HideSolutionNode = FALSE
	EndGlobalSection
	GlobalSection(ExtensibilityGlobals) = postSolution
		SolutionGuid = {025641FA-7DFE-439A-A7E5-32B9A402E82B}
	EndGlobalSection
EndGlobal
